
Microsoft Visual Studio Solution File, Format Version 12.00
# Visual Studio Version 17
VisualStudioVersion = 17.2.32630.192
MinimumVisualStudioVersion = 10.0.40219.1
Project("{9A19103F-16F7-4668-BE54-9A1E7A4F7556}") = "ContextAwareService", "Context-aware System\ContextAwareService.csproj", "{B73EDC00-9D26-4BA8-8924-29B0A6CA7227}"
EndProject
Project("{9A19103F-16F7-4668-BE54-9A1E7A4F7556}") = "Models", "Models\Models.csproj", "{474D0BCF-FCA7-4531-A2DF-D2FA14287326}"
EndProject
Project("{9A19103F-16F7-4668-BE54-9A1E7A4F7556}") = "Data-Integration Layer", "Data-Integration Layer\Data-Integration Layer.csproj", "{5D9B6E6A-9E84-47ED-A11D-5B9A17C86FDB}"
EndProject
Project("{9A19103F-16F7-4668-BE54-9A1E7A4F7556}") = "ContinentalTestDb", "ContinentalTestDb\ContinentalTestDb.csproj", "{AAECF5E9-F41F-4A00-891E-FCF61C803EE5}"
EndProject
Project("{9A19103F-16F7-4668-BE54-9A1E7A4F7556}") = "ContextBuider", "ContextBuider\ContextBuider.csproj", "{13237901-0C36-4CEF-9548-F397C702AA29}"
EndProject
Global
	GlobalSection(SolutionConfigurationPlatforms) = preSolution
		Debug|Any CPU = Debug|Any CPU
		Release|Any CPU = Release|Any CPU
	EndGlobalSection
	GlobalSection(ProjectConfigurationPlatforms) = postSolution
		{B73EDC00-9D26-4BA8-8924-29B0A6CA7227}.Debug|Any CPU.ActiveCfg = Debug|Any CPU
		{B73EDC00-9D26-4BA8-8924-29B0A6CA7227}.Debug|Any CPU.Build.0 = Debug|Any CPU
		{B73EDC00-9D26-4BA8-8924-29B0A6CA7227}.Release|Any CPU.ActiveCfg = Release|Any CPU
		{B73EDC00-9D26-4BA8-8924-29B0A6CA7227}.Release|Any CPU.Build.0 = Release|Any CPU
		{474D0BCF-FCA7-4531-A2DF-D2FA14287326}.Debug|Any CPU.ActiveCfg = Debug|Any CPU
		{474D0BCF-FCA7-4531-A2DF-D2FA14287326}.Debug|Any CPU.Build.0 = Debug|Any CPU
		{474D0BCF-FCA7-4531-A2DF-D2FA14287326}.Release|Any CPU.ActiveCfg = Release|Any CPU
		{474D0BCF-FCA7-4531-A2DF-D2FA14287326}.Release|Any CPU.Build.0 = Release|Any CPU
		{5D9B6E6A-9E84-47ED-A11D-5B9A17C86FDB}.Debug|Any CPU.ActiveCfg = Debug|Any CPU
		{5D9B6E6A-9E84-47ED-A11D-5B9A17C86FDB}.Debug|Any CPU.Build.0 = Debug|Any CPU
		{5D9B6E6A-9E84-47ED-A11D-5B9A17C86FDB}.Release|Any CPU.ActiveCfg = Release|Any CPU
		{5D9B6E6A-9E84-47ED-A11D-5B9A17C86FDB}.Release|Any CPU.Build.0 = Release|Any CPU
		{AAECF5E9-F41F-4A00-891E-FCF61C803EE5}.Debug|Any CPU.ActiveCfg = Debug|Any CPU
		{AAECF5E9-F41F-4A00-891E-FCF61C803EE5}.Debug|Any CPU.Build.0 = Debug|Any CPU
		{AAECF5E9-F41F-4A00-891E-FCF61C803EE5}.Release|Any CPU.ActiveCfg = Release|Any CPU
		{AAECF5E9-F41F-4A00-891E-FCF61C803EE5}.Release|Any CPU.Build.0 = Release|Any CPU
		{13237901-0C36-4CEF-9548-F397C702AA29}.Debug|Any CPU.ActiveCfg = Debug|Any CPU
		{13237901-0C36-4CEF-9548-F397C702AA29}.Debug|Any CPU.Build.0 = Debug|Any CPU
		{13237901-0C36-4CEF-9548-F397C702AA29}.Release|Any CPU.ActiveCfg = Release|Any CPU
		{13237901-0C36-4CEF-9548-F397C702AA29}.Release|Any CPU.Build.0 = Release|Any CPU
	EndGlobalSection
	GlobalSection(SolutionProperties) = preSolution
		HideSolutionNode = FALSE
	EndGlobalSection
	GlobalSection(ExtensibilityGlobals) = postSolution
		SolutionGuid = {0C7FB0C5-A760-469F-B167-519B9AF4C530}
	EndGlobalSection
EndGlobal
