
Microsoft Visual Studio Solution File, Format Version 12.00
# Visual Studio Version 17
VisualStudioVersion = 17.2.32630.192
MinimumVisualStudioVersion = 10.0.40219.1
Project("{9A19103F-16F7-4668-BE54-9A1E7A4F7556}") = "Models", "Models\Models.csproj", "{474D0BCF-FCA7-4531-A2DF-D2FA14287326}"
EndProject
Project("{9A19103F-16F7-4668-BE54-9A1E7A4F7556}") = "ContinentalTestDb", "ContinentalTestDb\ContinentalTestDb.csproj", "{AAECF5E9-F41F-4A00-891E-FCF61C803EE5}"
EndProject
Project("{9A19103F-16F7-4668-BE54-9A1E7A4F7556}") = "ContinentalTestAPI", "ContinentalTestAPI\ContinentalTestAPI.csproj", "{7A4FDEB8-1341-467C-A995-9DC2DA3B9D07}"
EndProject
Project("{9A19103F-16F7-4668-BE54-9A1E7A4F7556}") = "ContextAcquisition", "ContextAcquisition\ContextAcquisition.csproj", "{195737E2-2F6B-49BB-A422-23C074563C53}"
EndProject
Project("{9A19103F-16F7-4668-BE54-9A1E7A4F7556}") = "ContextBuilder", "ContextBuilder\ContextBuilder.csproj", "{12DFE950-1A4F-4BE4-A566-CDEE08DEB805}"
EndProject
Project("{9A19103F-16F7-4668-BE54-9A1E7A4F7556}") = "Tests", "Testes\Tests.csproj", "{510E245E-FD4A-4EA5-9169-C27ECFD8132D}"
EndProject
Project("{2150E333-8FDC-42A3-9474-1A3956D46DE8}") = "Itens de Solução", "Itens de Solução", "{8943CACE-E6E7-4129-95E2-921C8CFB6BB3}"
	ProjectSection(SolutionItems) = preProject
		cdc_query.sql = cdc_query.sql
	EndProjectSection
EndProject
Project("{9A19103F-16F7-4668-BE54-9A1E7A4F7556}") = "Services", "Services\Services.csproj", "{08192990-DD0B-4212-9DE6-1BEC990A5BFE}"
EndProject
Project("{9A19103F-16F7-4668-BE54-9A1E7A4F7556}") = "ContextServer", "ContextServer\ContextServer.csproj", "{3BC0AC4F-4E6E-43A8-9B65-00BB738DB865}"
EndProject
Global
	GlobalSection(SolutionConfigurationPlatforms) = preSolution
		Debug|Any CPU = Debug|Any CPU
		Release|Any CPU = Release|Any CPU
	EndGlobalSection
	GlobalSection(ProjectConfigurationPlatforms) = postSolution
		{474D0BCF-FCA7-4531-A2DF-D2FA14287326}.Debug|Any CPU.ActiveCfg = Debug|Any CPU
		{474D0BCF-FCA7-4531-A2DF-D2FA14287326}.Debug|Any CPU.Build.0 = Debug|Any CPU
		{474D0BCF-FCA7-4531-A2DF-D2FA14287326}.Release|Any CPU.ActiveCfg = Release|Any CPU
		{474D0BCF-FCA7-4531-A2DF-D2FA14287326}.Release|Any CPU.Build.0 = Release|Any CPU
		{AAECF5E9-F41F-4A00-891E-FCF61C803EE5}.Debug|Any CPU.ActiveCfg = Debug|Any CPU
		{AAECF5E9-F41F-4A00-891E-FCF61C803EE5}.Debug|Any CPU.Build.0 = Debug|Any CPU
		{AAECF5E9-F41F-4A00-891E-FCF61C803EE5}.Release|Any CPU.ActiveCfg = Release|Any CPU
		{AAECF5E9-F41F-4A00-891E-FCF61C803EE5}.Release|Any CPU.Build.0 = Release|Any CPU
		{7A4FDEB8-1341-467C-A995-9DC2DA3B9D07}.Debug|Any CPU.ActiveCfg = Debug|Any CPU
		{7A4FDEB8-1341-467C-A995-9DC2DA3B9D07}.Debug|Any CPU.Build.0 = Debug|Any CPU
		{7A4FDEB8-1341-467C-A995-9DC2DA3B9D07}.Release|Any CPU.ActiveCfg = Release|Any CPU
		{7A4FDEB8-1341-467C-A995-9DC2DA3B9D07}.Release|Any CPU.Build.0 = Release|Any CPU
		{195737E2-2F6B-49BB-A422-23C074563C53}.Debug|Any CPU.ActiveCfg = Debug|Any CPU
		{195737E2-2F6B-49BB-A422-23C074563C53}.Debug|Any CPU.Build.0 = Debug|Any CPU
		{195737E2-2F6B-49BB-A422-23C074563C53}.Release|Any CPU.ActiveCfg = Release|Any CPU
		{195737E2-2F6B-49BB-A422-23C074563C53}.Release|Any CPU.Build.0 = Release|Any CPU
		{12DFE950-1A4F-4BE4-A566-CDEE08DEB805}.Debug|Any CPU.ActiveCfg = Debug|Any CPU
		{12DFE950-1A4F-4BE4-A566-CDEE08DEB805}.Debug|Any CPU.Build.0 = Debug|Any CPU
		{12DFE950-1A4F-4BE4-A566-CDEE08DEB805}.Release|Any CPU.ActiveCfg = Release|Any CPU
		{12DFE950-1A4F-4BE4-A566-CDEE08DEB805}.Release|Any CPU.Build.0 = Release|Any CPU
		{510E245E-FD4A-4EA5-9169-C27ECFD8132D}.Debug|Any CPU.ActiveCfg = Debug|Any CPU
		{510E245E-FD4A-4EA5-9169-C27ECFD8132D}.Debug|Any CPU.Build.0 = Debug|Any CPU
		{510E245E-FD4A-4EA5-9169-C27ECFD8132D}.Release|Any CPU.ActiveCfg = Release|Any CPU
		{510E245E-FD4A-4EA5-9169-C27ECFD8132D}.Release|Any CPU.Build.0 = Release|Any CPU
		{08192990-DD0B-4212-9DE6-1BEC990A5BFE}.Debug|Any CPU.ActiveCfg = Debug|Any CPU
		{08192990-DD0B-4212-9DE6-1BEC990A5BFE}.Debug|Any CPU.Build.0 = Debug|Any CPU
		{08192990-DD0B-4212-9DE6-1BEC990A5BFE}.Release|Any CPU.ActiveCfg = Release|Any CPU
		{08192990-DD0B-4212-9DE6-1BEC990A5BFE}.Release|Any CPU.Build.0 = Release|Any CPU
		{3BC0AC4F-4E6E-43A8-9B65-00BB738DB865}.Debug|Any CPU.ActiveCfg = Debug|Any CPU
		{3BC0AC4F-4E6E-43A8-9B65-00BB738DB865}.Debug|Any CPU.Build.0 = Debug|Any CPU
		{3BC0AC4F-4E6E-43A8-9B65-00BB738DB865}.Release|Any CPU.ActiveCfg = Release|Any CPU
		{3BC0AC4F-4E6E-43A8-9B65-00BB738DB865}.Release|Any CPU.Build.0 = Release|Any CPU
	EndGlobalSection
	GlobalSection(SolutionProperties) = preSolution
		HideSolutionNode = FALSE
	EndGlobalSection
	GlobalSection(ExtensibilityGlobals) = postSolution
		SolutionGuid = {0C7FB0C5-A760-469F-B167-519B9AF4C530}
	EndGlobalSection
EndGlobal
